PODS:
  - catapush-ios-sdk-pod (2.2.1)
  - catapush_flutter_sdk (0.0.1):
    - catapush-ios-sdk-pod (= 2.2.1)
    - Flutter
  - Flutter (1.0.0)
  - image_picker_ios (0.0.1):
    - Flutter
  - permission_handler_apple (9.0.4):
    - Flutter
  - shared_preferences_ios (0.0.1):
    - Flutter

DEPENDENCIES:
  - catapush-ios-sdk-pod (= 2.2.1)
  - catapush_flutter_sdk (from `.symlinks/plugins/catapush_flutter_sdk/ios`)
  - Flutter (from `Flutter`)
  - image_picker_ios (from `.symlinks/plugins/image_picker_ios/ios`)
  - permission_handler_apple (from `.symlinks/plugins/permission_handler_apple/ios`)
  - shared_preferences_ios (from `.symlinks/plugins/shared_preferences_ios/ios`)

SPEC REPOS:
  trunk:
    - catapush-ios-sdk-pod

EXTERNAL SOURCES:
  catapush_flutter_sdk:
    :path: ".symlinks/plugins/catapush_flutter_sdk/ios"
  Flutter:
    :path: Flutter
  image_picker_ios:
    :path: ".symlinks/plugins/image_picker_ios/ios"
  permission_handler_apple:
    :path: ".symlinks/plugins/permission_handler_apple/ios"
  shared_preferences_ios:
    :path: ".symlinks/plugins/shared_preferences_ios/ios"

SPEC CHECKSUMS:
  catapush-ios-sdk-pod: 2a6c58b80c994508b255f12fa1f106743dedb307
  catapush_flutter_sdk: 97a7f311383cd60f752844413b93f371e5993afb
  Flutter: f04841e97a9d0b0a8025694d0796dd46242b2854
  image_picker_ios: b786a5dcf033a8336a657191401bfdf12017dabb
  permission_handler_apple: 44366e37eaf29454a1e7b1b7d736c2cceaeb17ce
  shared_preferences_ios: 548a61f8053b9b8a49ac19c1ffbc8b92c50d68ad

PODFILE CHECKSUM: 4c258422f8d2641d1817bc5e796a8a4459da038c

COCOAPODS: 1.11.3
