PODS:
  - catapush-ios-sdk-pod (2.2.4)
  - catapush_flutter_sdk (0.0.1):
    - catapush-ios-sdk-pod (= 2.2.4)
    - Flutter
  - Flutter (1.0.0)
  - image_picker_ios (0.0.1):
    - Flutter
  - permission_handler_apple (9.3.0):
    - Flutter
  - shared_preferences_foundation (0.0.1):
    - Flutter
    - FlutterMacOS

DEPENDENCIES:
  - catapush-ios-sdk-pod (= 2.2.4)
  - catapush_flutter_sdk (from `.symlinks/plugins/catapush_flutter_sdk/ios`)
  - Flutter (from `Flutter`)
  - image_picker_ios (from `.symlinks/plugins/image_picker_ios/ios`)
  - permission_handler_apple (from `.symlinks/plugins/permission_handler_apple/ios`)
  - shared_preferences_foundation (from `.symlinks/plugins/shared_preferences_foundation/darwin`)

SPEC REPOS:
  trunk:
    - catapush-ios-sdk-pod

EXTERNAL SOURCES:
  catapush_flutter_sdk:
    :path: ".symlinks/plugins/catapush_flutter_sdk/ios"
  Flutter:
    :path: Flutter
  image_picker_ios:
    :path: ".symlinks/plugins/image_picker_ios/ios"
  permission_handler_apple:
    :path: ".symlinks/plugins/permission_handler_apple/ios"
  shared_preferences_foundation:
    :path: ".symlinks/plugins/shared_preferences_foundation/darwin"

SPEC CHECKSUMS:
  catapush-ios-sdk-pod: 96fb6b63d286a455824619471cebf0b3f251b3a6
  catapush_flutter_sdk: c2e8a61e1b72ddda2a3bbc88bfdbfe62d6d1d7d1
  Flutter: e0871f40cf51350855a761d2e70bf5af5b9b5de7
  image_picker_ios: 7fe1ff8e34c1790d6fff70a32484959f563a928a
  permission_handler_apple: 4ed2196e43d0651e8ff7ca3483a069d469701f2d
  shared_preferences_foundation: 9e1978ff2562383bd5676f64ec4e9aa8fa06a6f7

PODFILE CHECKSUM: f25724c4b2ffc23afc7c513b53898aed3c6f2f42

COCOAPODS: 1.16.2
